
Microsoft Visual Studio Solution File, Format Version 12.00
# Visual Studio Version 16
VisualStudioVersion = 16.0.29102.190
MinimumVisualStudioVersion = 10.0.40219.1
Project("{8BC9CEB8-8B4A-11D0-8D11-00A0C91BC942}") = "GammaCorrection", "GammaCorrection.vcxproj", "{B1FE3CB0-19B6-4EE4-9904-E17E6ED43882}"
EndProject
Global
	GlobalSection(SolutionConfigurationPlatforms) = preSolution
		Debug|x64 = Debug|x64
		Debug|x86 = Debug|x86
		Release|x64 = Release|x64
		Release|x86 = Release|x86
	EndGlobalSection
	GlobalSection(ProjectConfigurationPlatforms) = postSolution
		{B1FE3CB0-19B6-4EE4-9904-E17E6ED43882}.Debug|x64.ActiveCfg = Debug|x64
		{B1FE3CB0-19B6-4EE4-9904-E17E6ED43882}.Debug|x64.Build.0 = Debug|x64
		{B1FE3CB0-19B6-4EE4-9904-E17E6ED43882}.Debug|x86.ActiveCfg = Debug|Win32
		{B1FE3CB0-19B6-4EE4-9904-E17E6ED43882}.Debug|x86.Build.0 = Debug|Win32
		{B1FE3CB0-19B6-4EE4-9904-E17E6ED43882}.Release|x64.ActiveCfg = Release|x64
		{B1FE3CB0-19B6-4EE4-9904-E17E6ED43882}.Release|x64.Build.0 = Release|x64
		{B1FE3CB0-19B6-4EE4-9904-E17E6ED43882}.Release|x86.ActiveCfg = Release|Win32
		{B1FE3CB0-19B6-4EE4-9904-E17E6ED43882}.Release|x86.Build.0 = Release|Win32
	EndGlobalSection
	GlobalSection(SolutionProperties) = preSolution
		HideSolutionNode = FALSE
	EndGlobalSection
	GlobalSection(ExtensibilityGlobals) = postSolution
		SolutionGuid = {B91F616B-615E-41D6-B1E9-124B4D3F6E5E}
	EndGlobalSection
EndGlobal
